
Microsoft Visual Studio Solution File, Format Version 12.00
# Visual Studio Version 16
VisualStudioVersion = 16.0.31112.23
MinimumVisualStudioVersion = 10.0.40219.1
Project("{FAE04EC0-301F-11D3-BF4B-00C04F79EFBC}") = "DatabaseTest", "DatabaseTest\DatabaseTest.csproj", "{07F723FB-458B-40BE-9B3E-F6225077193D}"
EndProject
Global
	GlobalSection(SolutionConfigurationPlatforms) = preSolution
		Debug|Any CPU = Debug|Any CPU
		Release|Any CPU = Release|Any CPU
	EndGlobalSection
	GlobalSection(ProjectConfigurationPlatforms) = postSolution
		{07F723FB-458B-40BE-9B3E-F6225077193D}.Debug|Any CPU.ActiveCfg = Debug|Any CPU
		{07F723FB-458B-40BE-9B3E-F6225077193D}.Debug|Any CPU.Build.0 = Debug|Any CPU
		{07F723FB-458B-40BE-9B3E-F6225077193D}.Release|Any CPU.ActiveCfg = Release|Any CPU
		{07F723FB-458B-40BE-9B3E-F6225077193D}.Release|Any CPU.Build.0 = Release|Any CPU
	EndGlobalSection
	GlobalSection(SolutionProperties) = preSolution
		HideSolutionNode = FALSE
	EndGlobalSection
	GlobalSection(ExtensibilityGlobals) = postSolution
		SolutionGuid = {BB3E0D56-58CF-451A-BA4C-322141E6552A}
	EndGlobalSection
EndGlobal
